// !$*UTF8*$!
{
	archiveVersion = 1;
	classes = {
	};
	objectVersion = 46;
	objects = {

/* Begin PBXBuildFile section */
		7C04FB2B7D32F65664AB119A /* Pods_chatdpua.framework in Frameworks */ = {isa = PBXBuildFile; fileRef = FC38585C744FF3E295F8FEEF /* Pods_chatdpua.framework */; };
		AC1AD33B1E37C8200062EFD1 /* SuperTableViewCell.swift in Sources */ = {isa = PBXBuildFile; fileRef = AC1AD33A1E37C8200062EFD1 /* SuperTableViewCell.swift */; };
		AC1AD33D1E37C8AD0062EFD1 /* SuperTableViewController.swift in Sources */ = {isa = PBXBuildFile; fileRef = AC1AD33C1E37C8AD0062EFD1 /* SuperTableViewController.swift */; };
		AC1AD33F1E37FE830062EFD1 /* ChatTableViewCell.swift in Sources */ = {isa = PBXBuildFile; fileRef = AC1AD33E1E37FE830062EFD1 /* ChatTableViewCell.swift */; };
		AC1AD3411E37FEB50062EFD1 /* ChatTableViewController.swift in Sources */ = {isa = PBXBuildFile; fileRef = AC1AD3401E37FEB50062EFD1 /* ChatTableViewController.swift */; };
		AC4A52A91E381085008971FC /* GoogleService-Info.plist in Resources */ = {isa = PBXBuildFile; fileRef = AC4A52A81E381085008971FC /* GoogleService-Info.plist */; };
		AC8C9B9F1E381552000163B7 /* Post.swift in Sources */ = {isa = PBXBuildFile; fileRef = AC8C9B9E1E381552000163B7 /* Post.swift */; };
		AC8C9BA11E381AA4000163B7 /* LoginViewController.swift in Sources */ = {isa = PBXBuildFile; fileRef = AC8C9BA01E381AA4000163B7 /* LoginViewController.swift */; };
		AC8C9BA31E38DCBB000163B7 /* SignUpTableViewController.swift in Sources */ = {isa = PBXBuildFile; fileRef = AC8C9BA21E38DCBB000163B7 /* SignUpTableViewController.swift */; };
		ACC8622F1E3A320800B69DC8 /* UsersTableViewController.swift in Sources */ = {isa = PBXBuildFile; fileRef = ACC8622E1E3A320800B69DC8 /* UsersTableViewController.swift */; };
		ACC862311E3A3C3D00B69DC8 /* UsersTableViewCell.swift in Sources */ = {isa = PBXBuildFile; fileRef = ACC862301E3A3C3D00B69DC8 /* UsersTableViewCell.swift */; };
		ACC862331E3A414C00B69DC8 /* User.swift in Sources */ = {isa = PBXBuildFile; fileRef = ACC862321E3A414C00B69DC8 /* User.swift */; };
		ACDB7A1D1E3766C90052D834 /* AppDelegate.swift in Sources */ = {isa = PBXBuildFile; fileRef = ACDB7A1C1E3766C90052D834 /* AppDelegate.swift */; };
		ACDB7A241E3766C90052D834 /* Main.storyboard in Resources */ = {isa = PBXBuildFile; fileRef = ACDB7A221E3766C90052D834 /* Main.storyboard */; };
		ACDB7A261E3766C90052D834 /* Assets.xcassets in Resources */ = {isa = PBXBuildFile; fileRef = ACDB7A251E3766C90052D834 /* Assets.xcassets */; };
		ACDB7A291E3766C90052D834 /* LaunchScreen.storyboard in Resources */ = {isa = PBXBuildFile; fileRef = ACDB7A271E3766C90052D834 /* LaunchScreen.storyboard */; };
/* End PBXBuildFile section */

/* Begin PBXFileReference section */
		1A73DBE94E7E8DB02D0B99E8 /* Pods-chatdpua.debug.xcconfig */ = {isa = PBXFileReference; includeInIndex = 1; lastKnownFileType = text.xcconfig; name = "Pods-chatdpua.debug.xcconfig"; path = "Pods/Target Support Files/Pods-chatdpua/Pods-chatdpua.debug.xcconfig"; sourceTree = "<group>"; };
		9380F1FCC8B244C55F01C1F6 /* Pods-chatdpua.release.xcconfig */ = {isa = PBXFileReference; includeInIndex = 1; lastKnownFileType = text.xcconfig; name = "Pods-chatdpua.release.xcconfig"; path = "Pods/Target Support Files/Pods-chatdpua/Pods-chatdpua.release.xcconfig"; sourceTree = "<group>"; };
		AC1AD33A1E37C8200062EFD1 /* SuperTableViewCell.swift */ = {isa = PBXFileReference; fileEncoding = 4; lastKnownFileType = sourcecode.swift; path = SuperTableViewCell.swift; sourceTree = "<group>"; };
		AC1AD33C1E37C8AD0062EFD1 /* SuperTableViewController.swift */ = {isa = PBXFileReference; fileEncoding = 4; lastKnownFileType = sourcecode.swift; path = SuperTableViewController.swift; sourceTree = "<group>"; };
		AC1AD33E1E37FE830062EFD1 /* ChatTableViewCell.swift */ = {isa = PBXFileReference; fileEncoding = 4; lastKnownFileType = sourcecode.swift; path = ChatTableViewCell.swift; sourceTree = "<group>"; };
		AC1AD3401E37FEB50062EFD1 /* ChatTableViewController.swift */ = {isa = PBXFileReference; fileEncoding = 4; lastKnownFileType = sourcecode.swift; path = ChatTableViewController.swift; sourceTree = "<group>"; };
		AC4A52A81E381085008971FC /* GoogleService-Info.plist */ = {isa = PBXFileReference; fileEncoding = 4; lastKnownFileType = text.plist.xml; path = "GoogleService-Info.plist"; sourceTree = "<group>"; };
		AC8C9B9E1E381552000163B7 /* Post.swift */ = {isa = PBXFileReference; fileEncoding = 4; lastKnownFileType = sourcecode.swift; path = Post.swift; sourceTree = "<group>"; };
		AC8C9BA01E381AA4000163B7 /* LoginViewController.swift */ = {isa = PBXFileReference; fileEncoding = 4; lastKnownFileType = sourcecode.swift; path = LoginViewController.swift; sourceTree = "<group>"; };
		AC8C9BA21E38DCBB000163B7 /* SignUpTableViewController.swift */ = {isa = PBXFileReference; fileEncoding = 4; lastKnownFileType = sourcecode.swift; path = SignUpTableViewController.swift; sourceTree = "<group>"; };
		ACC8622E1E3A320800B69DC8 /* UsersTableViewController.swift */ = {isa = PBXFileReference; fileEncoding = 4; lastKnownFileType = sourcecode.swift; path = UsersTableViewController.swift; sourceTree = "<group>"; };
		ACC862301E3A3C3D00B69DC8 /* UsersTableViewCell.swift */ = {isa = PBXFileReference; fileEncoding = 4; lastKnownFileType = sourcecode.swift; path = UsersTableViewCell.swift; sourceTree = "<group>"; };
		ACC862321E3A414C00B69DC8 /* User.swift */ = {isa = PBXFileReference; fileEncoding = 4; lastKnownFileType = sourcecode.swift; path = User.swift; sourceTree = "<group>"; };
		ACDB7A191E3766C90052D834 /* chatdpua.app */ = {isa = PBXFileReference; explicitFileType = wrapper.application; includeInIndex = 0; path = chatdpua.app; sourceTree = BUILT_PRODUCTS_DIR; };
		ACDB7A1C1E3766C90052D834 /* AppDelegate.swift */ = {isa = PBXFileReference; lastKnownFileType = sourcecode.swift; path = AppDelegate.swift; sourceTree = "<group>"; };
		ACDB7A231E3766C90052D834 /* Base */ = {isa = PBXFileReference; lastKnownFileType = file.storyboard; name = Base; path = Base.lproj/Main.storyboard; sourceTree = "<group>"; };
		ACDB7A251E3766C90052D834 /* Assets.xcassets */ = {isa = PBXFileReference; lastKnownFileType = folder.assetcatalog; path = Assets.xcassets; sourceTree = "<group>"; };
		ACDB7A281E3766C90052D834 /* Base */ = {isa = PBXFileReference; lastKnownFileType = file.storyboard; name = Base; path = Base.lproj/LaunchScreen.storyboard; sourceTree = "<group>"; };
		ACDB7A2A1E3766C90052D834 /* Info.plist */ = {isa = PBXFileReference; lastKnownFileType = text.plist.xml; path = Info.plist; sourceTree = "<group>"; };
		FC38585C744FF3E295F8FEEF /* Pods_chatdpua.framework */ = {isa = PBXFileReference; explicitFileType = wrapper.framework; includeInIndex = 0; path = Pods_chatdpua.framework; sourceTree = BUILT_PRODUCTS_DIR; };
/* End PBXFileReference section */

/* Begin PBXFrameworksBuildPhase section */
		ACDB7A161E3766C90052D834 /* Frameworks */ = {
			isa = PBXFrameworksBuildPhase;
			buildActionMask = 2147483647;
			files = (
				7C04FB2B7D32F65664AB119A /* Pods_chatdpua.framework in Frameworks */,
			);
			runOnlyForDeploymentPostprocessing = 0;
		};
/* End PBXFrameworksBuildPhase section */

/* Begin PBXGroup section */
		8A5E3DA9E01CD8ACFA1FFDD5 /* Pods */ = {
			isa = PBXGroup;
			children = (
				1A73DBE94E7E8DB02D0B99E8 /* Pods-chatdpua.debug.xcconfig */,
				9380F1FCC8B244C55F01C1F6 /* Pods-chatdpua.release.xcconfig */,
			);
			name = Pods;
			sourceTree = "<group>";
		};
		9C2C88FD85BF7ED584A55786 /* Frameworks */ = {
			isa = PBXGroup;
			children = (
				FC38585C744FF3E295F8FEEF /* Pods_chatdpua.framework */,
			);
			name = Frameworks;
			sourceTree = "<group>";
		};
		AC1AD3371E37C6E90062EFD1 /* Controllers */ = {
			isa = PBXGroup;
			children = (
				AC8C9BA21E38DCBB000163B7 /* SignUpTableViewController.swift */,
				AC8C9BA01E381AA4000163B7 /* LoginViewController.swift */,
				AC1AD33C1E37C8AD0062EFD1 /* SuperTableViewController.swift */,
				AC1AD3401E37FEB50062EFD1 /* ChatTableViewController.swift */,
				ACC8622E1E3A320800B69DC8 /* UsersTableViewController.swift */,
			);
			name = Controllers;
			sourceTree = "<group>";
		};
		AC1AD3381E37C7320062EFD1 /* wtf */ = {
			isa = PBXGroup;
			children = (
				ACDB7A1B1E3766C90052D834 /* chatdpua */,
			);
			name = wtf;
			sourceTree = "<group>";
		};
		AC1AD3391E37C7D70062EFD1 /* CustomCell */ = {
			isa = PBXGroup;
			children = (
				AC1AD33A1E37C8200062EFD1 /* SuperTableViewCell.swift */,
				AC1AD33E1E37FE830062EFD1 /* ChatTableViewCell.swift */,
				ACC862301E3A3C3D00B69DC8 /* UsersTableViewCell.swift */,
			);
			name = CustomCell;
			sourceTree = "<group>";
		};
		AC1AD3421E37FEDA0062EFD1 /* Misc */ = {
			isa = PBXGroup;
			children = (
				ACDB7A1C1E3766C90052D834 /* AppDelegate.swift */,
				AC4A52A81E381085008971FC /* GoogleService-Info.plist */,
				ACDB7A271E3766C90052D834 /* LaunchScreen.storyboard */,
				ACDB7A2A1E3766C90052D834 /* Info.plist */,
			);
			name = Misc;
			sourceTree = "<group>";
		};
		AC1AD3431E37FFAD0062EFD1 /* Objects */ = {
			isa = PBXGroup;
			children = (
				AC8C9B9E1E381552000163B7 /* Post.swift */,
				ACC862321E3A414C00B69DC8 /* User.swift */,
			);
			name = Objects;
			sourceTree = "<group>";
		};
		ACDB7A101E3766C90052D834 = {
			isa = PBXGroup;
			children = (
				AC1AD3381E37C7320062EFD1 /* wtf */,
				ACDB7A1A1E3766C90052D834 /* Products */,
				8A5E3DA9E01CD8ACFA1FFDD5 /* Pods */,
				9C2C88FD85BF7ED584A55786 /* Frameworks */,
			);
			sourceTree = "<group>";
		};
		ACDB7A1A1E3766C90052D834 /* Products */ = {
			isa = PBXGroup;
			children = (
				ACDB7A191E3766C90052D834 /* chatdpua.app */,
			);
			name = Products;
			sourceTree = "<group>";
		};
		ACDB7A1B1E3766C90052D834 /* chatdpua */ = {
			isa = PBXGroup;
			children = (
				AC1AD3431E37FFAD0062EFD1 /* Objects */,
				ACDB7A251E3766C90052D834 /* Assets.xcassets */,
				AC1AD3391E37C7D70062EFD1 /* CustomCell */,
				AC1AD3371E37C6E90062EFD1 /* Controllers */,
				ACDB7A221E3766C90052D834 /* Main.storyboard */,
				AC1AD3421E37FEDA0062EFD1 /* Misc */,
			);
			path = chatdpua;
			sourceTree = "<group>";
		};
/* End PBXGroup section */

/* Begin PBXNativeTarget section */
		ACDB7A181E3766C90052D834 /* chatdpua */ = {
			isa = PBXNativeTarget;
			buildConfigurationList = ACDB7A2D1E3766C90052D834 /* Build configuration list for PBXNativeTarget "chatdpua" */;
			buildPhases = (
				FBC2BAE769A13E0E37FCEFD2 /* [CP] Check Pods Manifest.lock */,
				ACDB7A151E3766C90052D834 /* Sources */,
				ACDB7A161E3766C90052D834 /* Frameworks */,
				ACDB7A171E3766C90052D834 /* Resources */,
				B024B2CD1A14307671708ACD /* [CP] Embed Pods Frameworks */,
				9F8C7833D22608C5F3B40EBD /* [CP] Copy Pods Resources */,
			);
			buildRules = (
			);
			dependencies = (
			);
			name = chatdpua;
			productName = chatdpua;
			productReference = ACDB7A191E3766C90052D834 /* chatdpua.app */;
			productType = "com.apple.product-type.application";
		};
/* End PBXNativeTarget section */

/* Begin PBXProject section */
		ACDB7A111E3766C90052D834 /* Project object */ = {
			isa = PBXProject;
			attributes = {
				LastSwiftUpdateCheck = 0820;
				LastUpgradeCheck = 0820;
				ORGANIZATIONNAME = ApiqA;
				TargetAttributes = {
					ACDB7A181E3766C90052D834 = {
						CreatedOnToolsVersion = 8.2.1;
						DevelopmentTeam = ZNLBEN9CLK;
						LastSwiftMigration = 0820;
						ProvisioningStyle = Automatic;
					};
				};
			};
			buildConfigurationList = ACDB7A141E3766C90052D834 /* Build configuration list for PBXProject "chatdpua" */;
			compatibilityVersion = "Xcode 3.2";
			developmentRegion = English;
			hasScannedForEncodings = 0;
			knownRegions = (
				en,
				Base,
			);
			mainGroup = ACDB7A101E3766C90052D834;
			productRefGroup = ACDB7A1A1E3766C90052D834 /* Products */;
			projectDirPath = "";
			projectRoot = "";
			targets = (
				ACDB7A181E3766C90052D834 /* chatdpua */,
			);
		};
/* End PBXProject section */

/* Begin PBXResourcesBuildPhase section */
		ACDB7A171E3766C90052D834 /* Resources */ = {
			isa = PBXResourcesBuildPhase;
			buildActionMask = 2147483647;
			files = (
				AC4A52A91E381085008971FC /* GoogleService-Info.plist in Resources */,
				ACDB7A291E3766C90052D834 /* LaunchScreen.storyboard in Resources */,
				ACDB7A261E3766C90052D834 /* Assets.xcassets in Resources */,
				ACDB7A241E3766C90052D834 /* Main.storyboard in Resources */,
			);
			runOnlyForDeploymentPostprocessing = 0;
		};
/* End PBXResourcesBuildPhase section */

/* Begin PBXShellScriptBuildPhase section */
		9F8C7833D22608C5F3B40EBD /* [CP] Copy Pods Resources */ = {
			isa = PBXShellScriptBuildPhase;
			buildActionMask = 2147483647;
			files = (
			);
			inputPaths = (
			);
			name = "[CP] Copy Pods Resources";
			outputPaths = (
			);
			runOnlyForDeploymentPostprocessing = 0;
			shellPath = /bin/sh;
			shellScript = "\"${SRCROOT}/Pods/Target Support Files/Pods-chatdpua/Pods-chatdpua-resources.sh\"\n";
			showEnvVarsInLog = 0;
		};
		B024B2CD1A14307671708ACD /* [CP] Embed Pods Frameworks */ = {
			isa = PBXShellScriptBuildPhase;
			buildActionMask = 2147483647;
			files = (
			);
			inputPaths = (
			);
			name = "[CP] Embed Pods Frameworks";
			outputPaths = (
			);
			runOnlyForDeploymentPostprocessing = 0;
			shellPath = /bin/sh;
			shellScript = "\"${SRCROOT}/Pods/Target Support Files/Pods-chatdpua/Pods-chatdpua-frameworks.sh\"\n";
			showEnvVarsInLog = 0;
		};
		FBC2BAE769A13E0E37FCEFD2 /* [CP] Check Pods Manifest.lock */ = {
			isa = PBXShellScriptBuildPhase;
			buildActionMask = 2147483647;
			files = (
			);
			inputPaths = (
			);
			name = "[CP] Check Pods Manifest.lock";
			outputPaths = (
			);
			runOnlyForDeploymentPostprocessing = 0;
			shellPath = /bin/sh;
			shellScript = "diff \"${PODS_ROOT}/../Podfile.lock\" \"${PODS_ROOT}/Manifest.lock\" > /dev/null\nif [ $? != 0 ] ; then\n    # print error to STDERR\n    echo \"error: The sandbox is not in sync with the Podfile.lock. Run 'pod install' or update your CocoaPods installation.\" >&2\n    exit 1\nfi\n";
			showEnvVarsInLog = 0;
		};
/* End PBXShellScriptBuildPhase section */

/* Begin PBXSourcesBuildPhase section */
		ACDB7A151E3766C90052D834 /* Sources */ = {
			isa = PBXSourcesBuildPhase;
			buildActionMask = 2147483647;
			files = (
				AC1AD33D1E37C8AD0062EFD1 /* SuperTableViewController.swift in Sources */,
				AC1AD33B1E37C8200062EFD1 /* SuperTableViewCell.swift in Sources */,
				ACC8622F1E3A320800B69DC8 /* UsersTableViewController.swift in Sources */,
				AC8C9BA31E38DCBB000163B7 /* SignUpTableViewController.swift in Sources */,
				ACC862311E3A3C3D00B69DC8 /* UsersTableViewCell.swift in Sources */,
				AC1AD33F1E37FE830062EFD1 /* ChatTableViewCell.swift in Sources */,
				AC8C9B9F1E381552000163B7 /* Post.swift in Sources */,
				AC8C9BA11E381AA4000163B7 /* LoginViewController.swift in Sources */,
				ACDB7A1D1E3766C90052D834 /* AppDelegate.swift in Sources */,
				AC1AD3411E37FEB50062EFD1 /* ChatTableViewController.swift in Sources */,
				ACC862331E3A414C00B69DC8 /* User.swift in Sources */,
			);
			runOnlyForDeploymentPostprocessing = 0;
		};
/* End PBXSourcesBuildPhase section */

/* Begin PBXVariantGroup section */
		ACDB7A221E3766C90052D834 /* Main.storyboard */ = {
			isa = PBXVariantGroup;
			children = (
				ACDB7A231E3766C90052D834 /* Base */,
			);
			name = Main.storyboard;
			sourceTree = "<group>";
		};
		ACDB7A271E3766C90052D834 /* LaunchScreen.storyboard */ = {
			isa = PBXVariantGroup;
			children = (
				ACDB7A281E3766C90052D834 /* Base */,
			);
			name = LaunchScreen.storyboard;
			sourceTree = "<group>";
		};
/* End PBXVariantGroup section */

/* Begin XCBuildConfiguration section */
		ACDB7A2B1E3766C90052D834 /* Debug */ = {
			isa = XCBuildConfiguration;
			buildSettings = {
				ALWAYS_SEARCH_USER_PATHS = NO;
				CLANG_ANALYZER_NONNULL = YES;
				CLANG_CXX_LANGUAGE_STANDARD = "gnu++0x";
				CLANG_CXX_LIBRARY = "libc++";
				CLANG_ENABLE_MODULES = YES;
				CLANG_ENABLE_OBJC_ARC = YES;
				CLANG_WARN_BOOL_CONVERSION = YES;
				CLANG_WARN_CONSTANT_CONVERSION = YES;
				CLANG_WARN_DIRECT_OBJC_ISA_USAGE = YES_ERROR;
				CLANG_WARN_DOCUMENTATION_COMMENTS = YES;
				CLANG_WARN_EMPTY_BODY = YES;
				CLANG_WARN_ENUM_CONVERSION = YES;
				CLANG_WARN_INFINITE_RECURSION = YES;
				CLANG_WARN_INT_CONVERSION = YES;
				CLANG_WARN_OBJC_ROOT_CLASS = YES_ERROR;
				CLANG_WARN_SUSPICIOUS_MOVE = YES;
				CLANG_WARN_UNREACHABLE_CODE = YES;
				CLANG_WARN__DUPLICATE_METHOD_MATCH = YES;
				"CODE_SIGN_IDENTITY[sdk=iphoneos*]" = "iPhone Developer";
				COPY_PHASE_STRIP = NO;
				DEBUG_INFORMATION_FORMAT = dwarf;
				ENABLE_STRICT_OBJC_MSGSEND = YES;
				ENABLE_TESTABILITY = YES;
				GCC_C_LANGUAGE_STANDARD = gnu99;
				GCC_DYNAMIC_NO_PIC = NO;
				GCC_NO_COMMON_BLOCKS = YES;
				GCC_OPTIMIZATION_LEVEL = 0;
				GCC_PREPROCESSOR_DEFINITIONS = (
					"DEBUG=1",
					"$(inherited)",
				);
				GCC_WARN_64_TO_32_BIT_CONVERSION = YES;
				GCC_WARN_ABOUT_RETURN_TYPE = YES_ERROR;
				GCC_WARN_UNDECLARED_SELECTOR = YES;
				GCC_WARN_UNINITIALIZED_AUTOS = YES_AGGRESSIVE;
				GCC_WARN_UNUSED_FUNCTION = YES;
				GCC_WARN_UNUSED_VARIABLE = YES;
				IPHONEOS_DEPLOYMENT_TARGET = 9.3;
				MTL_ENABLE_DEBUG_INFO = YES;
				ONLY_ACTIVE_ARCH = YES;
				SDKROOT = iphoneos;
				SWIFT_ACTIVE_COMPILATION_CONDITIONS = DEBUG;
				SWIFT_OPTIMIZATION_LEVEL = "-Onone";
				TARGETED_DEVICE_FAMILY = "1,2";
			};
			name = Debug;
		};
		ACDB7A2C1E3766C90052D834 /* Release */ = {
			isa = XCBuildConfiguration;
			buildSettings = {
				ALWAYS_SEARCH_USER_PATHS = NO;
				CLANG_ANALYZER_NONNULL = YES;
				CLANG_CXX_LANGUAGE_STANDARD = "gnu++0x";
				CLANG_CXX_LIBRARY = "libc++";
				CLANG_ENABLE_MODULES = YES;
				CLANG_ENABLE_OBJC_ARC = YES;
				CLANG_WARN_BOOL_CONVERSION = YES;
				CLANG_WARN_CONSTANT_CONVERSION = YES;
				CLANG_WARN_DIRECT_OBJC_ISA_USAGE = YES_ERROR;
				CLANG_WARN_DOCUMENTATION_COMMENTS = YES;
				CLANG_WARN_EMPTY_BODY = YES;
				CLANG_WARN_ENUM_CONVERSION = YES;
				CLANG_WARN_INFINITE_RECURSION = YES;
				CLANG_WARN_INT_CONVERSION = YES;
				CLANG_WARN_OBJC_ROOT_CLASS = YES_ERROR;
				CLANG_WARN_SUSPICIOUS_MOVE = YES;
				CLANG_WARN_UNREACHABLE_CODE = YES;
				CLANG_WARN__DUPLICATE_METHOD_MATCH = YES;
				"CODE_SIGN_IDENTITY[sdk=iphoneos*]" = "iPhone Developer";
				COPY_PHASE_STRIP = NO;
				DEBUG_INFORMATION_FORMAT = "dwarf-with-dsym";
				ENABLE_NS_ASSERTIONS = NO;
				ENABLE_STRICT_OBJC_MSGSEND = YES;
				GCC_C_LANGUAGE_STANDARD = gnu99;
				GCC_NO_COMMON_BLOCKS = YES;
				GCC_WARN_64_TO_32_BIT_CONVERSION = YES;
				GCC_WARN_ABOUT_RETURN_TYPE = YES_ERROR;
				GCC_WARN_UNDECLARED_SELECTOR = YES;
				GCC_WARN_UNINITIALIZED_AUTOS = YES_AGGRESSIVE;
				GCC_WARN_UNUSED_FUNCTION = YES;
				GCC_WARN_UNUSED_VARIABLE = YES;
				IPHONEOS_DEPLOYMENT_TARGET = 9.3;
				MTL_ENABLE_DEBUG_INFO = NO;
				SDKROOT = iphoneos;
				SWIFT_OPTIMIZATION_LEVEL = "-Owholemodule";
				TARGETED_DEVICE_FAMILY = "1,2";
				VALIDATE_PRODUCT = YES;
			};
			name = Release;
		};
		ACDB7A2E1E3766C90052D834 /* Debug */ = {
			isa = XCBuildConfiguration;
			baseConfigurationReference = 1A73DBE94E7E8DB02D0B99E8 /* Pods-chatdpua.debug.xcconfig */;
			buildSettings = {
				ALWAYS_EMBED_SWIFT_STANDARD_LIBRARIES = YES;
				ASSETCATALOG_COMPILER_APPICON_NAME = AppIcon;
				CLANG_ENABLE_MODULES = YES;
				DEVELOPMENT_TEAM = ZNLBEN9CLK;
				INFOPLIST_FILE = chatdpua/Info.plist;
				LD_RUNPATH_SEARCH_PATHS = "$(inherited) @executable_path/Frameworks";
				PRODUCT_BUNDLE_IDENTIFIER = pq.chatdpua;
				PRODUCT_NAME = "$(TARGET_NAME)";
				SWIFT_OPTIMIZATION_LEVEL = "-Onone";
				SWIFT_VERSION = 3.0;
			};
			name = Debug;
		};
		ACDB7A2F1E3766C90052D834 /* Release */ = {
			isa = XCBuildConfiguration;
			baseConfigurationReference = 9380F1FCC8B244C55F01C1F6 /* Pods-chatdpua.release.xcconfig */;
			buildSettings = {
				ALWAYS_EMBED_SWIFT_STANDARD_LIBRARIES = YES;
				ASSETCATALOG_COMPILER_APPICON_NAME = AppIcon;
				CLANG_ENABLE_MODULES = YES;
				DEVELOPMENT_TEAM = ZNLBEN9CLK;
				INFOPLIST_FILE = chatdpua/Info.plist;
				LD_RUNPATH_SEARCH_PATHS = "$(inherited) @executable_path/Frameworks";
				PRODUCT_BUNDLE_IDENTIFIER = pq.chatdpua;
				PRODUCT_NAME = "$(TARGET_NAME)";
				SWIFT_VERSION = 3.0;
			};
			name = Release;
		};
/* End XCBuildConfiguration section */

/* Begin XCConfigurationList section */
		ACDB7A141E3766C90052D834 /* Build configuration list for PBXProject "chatdpua" */ = {
			isa = XCConfigurationList;
			buildConfigurations = (
				ACDB7A2B1E3766C90052D834 /* Debug */,
				ACDB7A2C1E3766C90052D834 /* Release */,
			);
			defaultConfigurationIsVisible = 0;
			defaultConfigurationName = Release;
		};
		ACDB7A2D1E3766C90052D834 /* Build configuration list for PBXNativeTarget "chatdpua" */ = {
			isa = XCConfigurationList;
			buildConfigurations = (
				ACDB7A2E1E3766C90052D834 /* Debug */,
				ACDB7A2F1E3766C90052D834 /* Release */,
			);
			defaultConfigurationIsVisible = 0;
			defaultConfigurationName = Release;
		};
/* End XCConfigurationList section */
	};
	rootObject = ACDB7A111E3766C90052D834 /* Project object */;
}
